
Microsoft Visual Studio Solution File, Format Version 12.00
# Visual Studio Version 17
VisualStudioVersion = 17.3.32922.545
MinimumVisualStudioVersion = 10.0.40219.1
Project("{9A19103F-16F7-4668-BE54-9A1E7A4F7556}") = "AirlineTickets.API", "AirlineTickets.API\AirlineTickets.API.csproj", "{0F84515A-23EF-401C-8C02-C836467B1304}"
EndProject
Project("{9A19103F-16F7-4668-BE54-9A1E7A4F7556}") = "AirlineTickets.BLL", "AirlineTickets.BLL\AirlineTickets.BLL.csproj", "{2F217ACC-BBB1-4086-B94A-8B182D704184}"
EndProject
Project("{9A19103F-16F7-4668-BE54-9A1E7A4F7556}") = "AirlineTickets.DAL", "AirlineTickets.DAL\AirlineTickets.DAL.csproj", "{BE023D1A-4D3F-4DA3-9038-B1A31A02AC3B}"
EndProject
Project("{9A19103F-16F7-4668-BE54-9A1E7A4F7556}") = "AirlineTickets.Core", "AirlineTickets.Core\AirlineTickets.Core.csproj", "{92B41DFC-468F-4FE6-99B8-2DC3008858FA}"
EndProject
Project("{9A19103F-16F7-4668-BE54-9A1E7A4F7556}") = "AirlineTickets.DAL.Tests", "AirlineTickets.DAL.Tests\AirlineTickets.DAL.Tests.csproj", "{6167A08B-ED18-4371-BB1C-6076A3EB4325}"
EndProject
Project("{9A19103F-16F7-4668-BE54-9A1E7A4F7556}") = "AirlineTickets.BLL.Tests", "AirlineTickets.BLL.Tests\AirlineTickets.BLL.Tests.csproj", "{C5B68046-B624-4266-8301-E92D2A0D6DFD}"
EndProject
Project("{9A19103F-16F7-4668-BE54-9A1E7A4F7556}") = "AirlineTickets.API.Tests", "AirlineTickets.API.Tests\AirlineTickets.API.Tests.csproj", "{E1962EF3-DA2D-43D5-B1F4-D1BA7BCAD36D}"
EndProject
Project("{2150E333-8FDC-42A3-9474-1A3956D46DE8}") = "Tests", "Tests", "{6277679D-EED9-4987-9DDE-75113E0FC759}"
EndProject
Global
	GlobalSection(SolutionConfigurationPlatforms) = preSolution
		Debug|Any CPU = Debug|Any CPU
		Release|Any CPU = Release|Any CPU
	EndGlobalSection
	GlobalSection(ProjectConfigurationPlatforms) = postSolution
		{0F84515A-23EF-401C-8C02-C836467B1304}.Debug|Any CPU.ActiveCfg = Debug|Any CPU
		{0F84515A-23EF-401C-8C02-C836467B1304}.Debug|Any CPU.Build.0 = Debug|Any CPU
		{0F84515A-23EF-401C-8C02-C836467B1304}.Release|Any CPU.ActiveCfg = Release|Any CPU
		{0F84515A-23EF-401C-8C02-C836467B1304}.Release|Any CPU.Build.0 = Release|Any CPU
		{2F217ACC-BBB1-4086-B94A-8B182D704184}.Debug|Any CPU.ActiveCfg = Debug|Any CPU
		{2F217ACC-BBB1-4086-B94A-8B182D704184}.Debug|Any CPU.Build.0 = Debug|Any CPU
		{2F217ACC-BBB1-4086-B94A-8B182D704184}.Release|Any CPU.ActiveCfg = Release|Any CPU
		{2F217ACC-BBB1-4086-B94A-8B182D704184}.Release|Any CPU.Build.0 = Release|Any CPU
		{BE023D1A-4D3F-4DA3-9038-B1A31A02AC3B}.Debug|Any CPU.ActiveCfg = Debug|Any CPU
		{BE023D1A-4D3F-4DA3-9038-B1A31A02AC3B}.Debug|Any CPU.Build.0 = Debug|Any CPU
		{BE023D1A-4D3F-4DA3-9038-B1A31A02AC3B}.Release|Any CPU.ActiveCfg = Release|Any CPU
		{BE023D1A-4D3F-4DA3-9038-B1A31A02AC3B}.Release|Any CPU.Build.0 = Release|Any CPU
		{92B41DFC-468F-4FE6-99B8-2DC3008858FA}.Debug|Any CPU.ActiveCfg = Debug|Any CPU
		{92B41DFC-468F-4FE6-99B8-2DC3008858FA}.Debug|Any CPU.Build.0 = Debug|Any CPU
		{92B41DFC-468F-4FE6-99B8-2DC3008858FA}.Release|Any CPU.ActiveCfg = Release|Any CPU
		{92B41DFC-468F-4FE6-99B8-2DC3008858FA}.Release|Any CPU.Build.0 = Release|Any CPU
		{6167A08B-ED18-4371-BB1C-6076A3EB4325}.Debug|Any CPU.ActiveCfg = Debug|Any CPU
		{6167A08B-ED18-4371-BB1C-6076A3EB4325}.Debug|Any CPU.Build.0 = Debug|Any CPU
		{6167A08B-ED18-4371-BB1C-6076A3EB4325}.Release|Any CPU.ActiveCfg = Release|Any CPU
		{6167A08B-ED18-4371-BB1C-6076A3EB4325}.Release|Any CPU.Build.0 = Release|Any CPU
		{C5B68046-B624-4266-8301-E92D2A0D6DFD}.Debug|Any CPU.ActiveCfg = Debug|Any CPU
		{C5B68046-B624-4266-8301-E92D2A0D6DFD}.Debug|Any CPU.Build.0 = Debug|Any CPU
		{C5B68046-B624-4266-8301-E92D2A0D6DFD}.Release|Any CPU.ActiveCfg = Release|Any CPU
		{C5B68046-B624-4266-8301-E92D2A0D6DFD}.Release|Any CPU.Build.0 = Release|Any CPU
		{E1962EF3-DA2D-43D5-B1F4-D1BA7BCAD36D}.Debug|Any CPU.ActiveCfg = Debug|Any CPU
		{E1962EF3-DA2D-43D5-B1F4-D1BA7BCAD36D}.Debug|Any CPU.Build.0 = Debug|Any CPU
		{E1962EF3-DA2D-43D5-B1F4-D1BA7BCAD36D}.Release|Any CPU.ActiveCfg = Release|Any CPU
		{E1962EF3-DA2D-43D5-B1F4-D1BA7BCAD36D}.Release|Any CPU.Build.0 = Release|Any CPU
	EndGlobalSection
	GlobalSection(SolutionProperties) = preSolution
		HideSolutionNode = FALSE
	EndGlobalSection
	GlobalSection(NestedProjects) = preSolution
		{6167A08B-ED18-4371-BB1C-6076A3EB4325} = {6277679D-EED9-4987-9DDE-75113E0FC759}
		{C5B68046-B624-4266-8301-E92D2A0D6DFD} = {6277679D-EED9-4987-9DDE-75113E0FC759}
		{E1962EF3-DA2D-43D5-B1F4-D1BA7BCAD36D} = {6277679D-EED9-4987-9DDE-75113E0FC759}
	EndGlobalSection
	GlobalSection(ExtensibilityGlobals) = postSolution
		SolutionGuid = {2886D42B-C989-47CE-A5D6-5612A4BBF438}
	EndGlobalSection
EndGlobal
