
Microsoft Visual Studio Solution File, Format Version 12.00
# Visual Studio Version 17
VisualStudioVersion = 17.3.32922.545
MinimumVisualStudioVersion = 10.0.40219.1
Project("{9A19103F-16F7-4668-BE54-9A1E7A4F7556}") = "AirlineTickets.API", "AirlineTickets.API\AirlineTickets.API.csproj", "{237AA222-B95E-4B1F-8C1A-9E6682245AA9}"
	ProjectSection(ProjectDependencies) = postProject
		{F88ADEE4-C45F-4F5C-9D37-7FC6BB6EC27A} = {F88ADEE4-C45F-4F5C-9D37-7FC6BB6EC27A}
	EndProjectSection
EndProject
Project("{9A19103F-16F7-4668-BE54-9A1E7A4F7556}") = "AirlineTickets.Core", "AirlineTickets.Core\AirlineTickets.Core.csproj", "{3CD04EAF-2469-40A0-AE17-93D25A3E6F67}"
EndProject
Project("{9A19103F-16F7-4668-BE54-9A1E7A4F7556}") = "AirlineTickets.BLL", "AirlineTickets.BLL\AirlineTickets.BLL.csproj", "{436714B4-130E-4F4E-851B-DCAD374ECEF2}"
EndProject
Project("{9A19103F-16F7-4668-BE54-9A1E7A4F7556}") = "AirlineTickets.BLL.Tests", "AirlineTickets.BLL.Tests\AirlineTickets.BLL.Tests.csproj", "{F2580084-EB8A-4BA3-8F8E-CC107E2E0826}"
	ProjectSection(ProjectDependencies) = postProject
		{436714B4-130E-4F4E-851B-DCAD374ECEF2} = {436714B4-130E-4F4E-851B-DCAD374ECEF2}
		{F88ADEE4-C45F-4F5C-9D37-7FC6BB6EC27A} = {F88ADEE4-C45F-4F5C-9D37-7FC6BB6EC27A}
	EndProjectSection
EndProject
Project("{9A19103F-16F7-4668-BE54-9A1E7A4F7556}") = "AirlineTickets.DAL", "AirlineTickets.DAL\AirlineTickets.DAL.csproj", "{F88ADEE4-C45F-4F5C-9D37-7FC6BB6EC27A}"
EndProject
Project("{9A19103F-16F7-4668-BE54-9A1E7A4F7556}") = "AirlineTickets.DAL.Tests", "AirlineTickets.DAL.Tests\AirlineTickets.DAL.Tests.csproj", "{CE5C9A13-A34D-47D5-80BF-34A6C29488CB}"
EndProject
Global
	GlobalSection(SolutionConfigurationPlatforms) = preSolution
		Debug|Any CPU = Debug|Any CPU
		Release|Any CPU = Release|Any CPU
	EndGlobalSection
	GlobalSection(ProjectConfigurationPlatforms) = postSolution
		{237AA222-B95E-4B1F-8C1A-9E6682245AA9}.Debug|Any CPU.ActiveCfg = Debug|Any CPU
		{237AA222-B95E-4B1F-8C1A-9E6682245AA9}.Debug|Any CPU.Build.0 = Debug|Any CPU
		{237AA222-B95E-4B1F-8C1A-9E6682245AA9}.Release|Any CPU.ActiveCfg = Release|Any CPU
		{237AA222-B95E-4B1F-8C1A-9E6682245AA9}.Release|Any CPU.Build.0 = Release|Any CPU
		{3CD04EAF-2469-40A0-AE17-93D25A3E6F67}.Debug|Any CPU.ActiveCfg = Debug|Any CPU
		{3CD04EAF-2469-40A0-AE17-93D25A3E6F67}.Debug|Any CPU.Build.0 = Debug|Any CPU
		{3CD04EAF-2469-40A0-AE17-93D25A3E6F67}.Release|Any CPU.ActiveCfg = Release|Any CPU
		{3CD04EAF-2469-40A0-AE17-93D25A3E6F67}.Release|Any CPU.Build.0 = Release|Any CPU
		{436714B4-130E-4F4E-851B-DCAD374ECEF2}.Debug|Any CPU.ActiveCfg = Debug|Any CPU
		{436714B4-130E-4F4E-851B-DCAD374ECEF2}.Debug|Any CPU.Build.0 = Debug|Any CPU
		{436714B4-130E-4F4E-851B-DCAD374ECEF2}.Release|Any CPU.ActiveCfg = Release|Any CPU
		{436714B4-130E-4F4E-851B-DCAD374ECEF2}.Release|Any CPU.Build.0 = Release|Any CPU
		{F2580084-EB8A-4BA3-8F8E-CC107E2E0826}.Debug|Any CPU.ActiveCfg = Debug|Any CPU
		{F2580084-EB8A-4BA3-8F8E-CC107E2E0826}.Debug|Any CPU.Build.0 = Debug|Any CPU
		{F2580084-EB8A-4BA3-8F8E-CC107E2E0826}.Release|Any CPU.ActiveCfg = Release|Any CPU
		{F2580084-EB8A-4BA3-8F8E-CC107E2E0826}.Release|Any CPU.Build.0 = Release|Any CPU
		{F88ADEE4-C45F-4F5C-9D37-7FC6BB6EC27A}.Debug|Any CPU.ActiveCfg = Debug|Any CPU
		{F88ADEE4-C45F-4F5C-9D37-7FC6BB6EC27A}.Debug|Any CPU.Build.0 = Debug|Any CPU
		{F88ADEE4-C45F-4F5C-9D37-7FC6BB6EC27A}.Release|Any CPU.ActiveCfg = Release|Any CPU
		{F88ADEE4-C45F-4F5C-9D37-7FC6BB6EC27A}.Release|Any CPU.Build.0 = Release|Any CPU
		{CE5C9A13-A34D-47D5-80BF-34A6C29488CB}.Debug|Any CPU.ActiveCfg = Debug|Any CPU
		{CE5C9A13-A34D-47D5-80BF-34A6C29488CB}.Debug|Any CPU.Build.0 = Debug|Any CPU
		{CE5C9A13-A34D-47D5-80BF-34A6C29488CB}.Release|Any CPU.ActiveCfg = Release|Any CPU
		{CE5C9A13-A34D-47D5-80BF-34A6C29488CB}.Release|Any CPU.Build.0 = Release|Any CPU
	EndGlobalSection
	GlobalSection(SolutionProperties) = preSolution
		HideSolutionNode = FALSE
	EndGlobalSection
	GlobalSection(ExtensibilityGlobals) = postSolution
		SolutionGuid = {735C9367-FC0E-4AAF-B97F-5468D4AB9073}
	EndGlobalSection
EndGlobal
